
Microsoft Visual Studio Solution File, Format Version 12.00
# Visual Studio Version 16
VisualStudioVersion = 16.0.29613.14
MinimumVisualStudioVersion = 10.0.40219.1
Project("{FAE04EC0-301F-11D3-BF4B-00C04F79EFBC}") = "Prueba", "Prueba\Prueba.csproj", "{1AC852AE-3EE5-4BA8-BD82-25B5D541293D}"
EndProject
Global
	GlobalSection(SolutionConfigurationPlatforms) = preSolution
		Debug|ARM = Debug|ARM
		Debug|ARM64 = Debug|ARM64
		Debug|x64 = Debug|x64
		Debug|x86 = Debug|x86
		Release|ARM = Release|ARM
		Release|ARM64 = Release|ARM64
		Release|x64 = Release|x64
		Release|x86 = Release|x86
	EndGlobalSection
	GlobalSection(ProjectConfigurationPlatforms) = postSolution
		{1AC852AE-3EE5-4BA8-BD82-25B5D541293D}.Debug|ARM.ActiveCfg = Debug|ARM
		{1AC852AE-3EE5-4BA8-BD82-25B5D541293D}.Debug|ARM.Build.0 = Debug|ARM
		{1AC852AE-3EE5-4BA8-BD82-25B5D541293D}.Debug|ARM.Deploy.0 = Debug|ARM
		{1AC852AE-3EE5-4BA8-BD82-25B5D541293D}.Debug|ARM64.ActiveCfg = Debug|ARM64
		{1AC852AE-3EE5-4BA8-BD82-25B5D541293D}.Debug|ARM64.Build.0 = Debug|ARM64
		{1AC852AE-3EE5-4BA8-BD82-25B5D541293D}.Debug|ARM64.Deploy.0 = Debug|ARM64
		{1AC852AE-3EE5-4BA8-BD82-25B5D541293D}.Debug|x64.ActiveCfg = Debug|x64
		{1AC852AE-3EE5-4BA8-BD82-25B5D541293D}.Debug|x64.Build.0 = Debug|x64
		{1AC852AE-3EE5-4BA8-BD82-25B5D541293D}.Debug|x64.Deploy.0 = Debug|x64
		{1AC852AE-3EE5-4BA8-BD82-25B5D541293D}.Debug|x86.ActiveCfg = Debug|x86
		{1AC852AE-3EE5-4BA8-BD82-25B5D541293D}.Debug|x86.Build.0 = Debug|x86
		{1AC852AE-3EE5-4BA8-BD82-25B5D541293D}.Debug|x86.Deploy.0 = Debug|x86
		{1AC852AE-3EE5-4BA8-BD82-25B5D541293D}.Release|ARM.ActiveCfg = Release|ARM
		{1AC852AE-3EE5-4BA8-BD82-25B5D541293D}.Release|ARM.Build.0 = Release|ARM
		{1AC852AE-3EE5-4BA8-BD82-25B5D541293D}.Release|ARM.Deploy.0 = Release|ARM
		{1AC852AE-3EE5-4BA8-BD82-25B5D541293D}.Release|ARM64.ActiveCfg = Release|ARM64
		{1AC852AE-3EE5-4BA8-BD82-25B5D541293D}.Release|ARM64.Build.0 = Release|ARM64
		{1AC852AE-3EE5-4BA8-BD82-25B5D541293D}.Release|ARM64.Deploy.0 = Release|ARM64
		{1AC852AE-3EE5-4BA8-BD82-25B5D541293D}.Release|x64.ActiveCfg = Release|x64
		{1AC852AE-3EE5-4BA8-BD82-25B5D541293D}.Release|x64.Build.0 = Release|x64
		{1AC852AE-3EE5-4BA8-BD82-25B5D541293D}.Release|x64.Deploy.0 = Release|x64
		{1AC852AE-3EE5-4BA8-BD82-25B5D541293D}.Release|x86.ActiveCfg = Release|x86
		{1AC852AE-3EE5-4BA8-BD82-25B5D541293D}.Release|x86.Build.0 = Release|x86
		{1AC852AE-3EE5-4BA8-BD82-25B5D541293D}.Release|x86.Deploy.0 = Release|x86
	EndGlobalSection
	GlobalSection(SolutionProperties) = preSolution
		HideSolutionNode = FALSE
	EndGlobalSection
	GlobalSection(ExtensibilityGlobals) = postSolution
		SolutionGuid = {30412891-3363-4FA5-8A64-6C8B379C3B4C}
	EndGlobalSection
EndGlobal
